// !$*UTF8*$!
{
	archiveVersion = 1;
	classes = {
	};
	objectVersion = 50;
	objects = {

/* Begin PBXBuildFile section */
		56E3B35D0B966B952F69CA8E /* Pods_newsmy.framework in Frameworks */ = {isa = PBXBuildFile; fileRef = 59703BCA2207F95A77B0B24B /* Pods_newsmy.framework */; };
		7B64B6F221BF953C000BAAF7 /* ArticleTableViewController.swift in Sources */ = {isa = PBXBuildFile; fileRef = 7B64B6F121BF953C000BAAF7 /* ArticleTableViewController.swift */; };
		7B64B6F421BF95A0000BAAF7 /* ArticleWebViewController.swift in Sources */ = {isa = PBXBuildFile; fileRef = 7B64B6F321BF95A0000BAAF7 /* ArticleWebViewController.swift */; };
		7B64B6F621BFA2A1000BAAF7 /* ArticleWebViewController.swift in Sources */ = {isa = PBXBuildFile; fileRef = 7B64B6F521BFA2A1000BAAF7 /* ArticleWebViewController.swift */; };
		7B9EADBE21BCA39B00911E8D /* AppDelegate.swift in Sources */ = {isa = PBXBuildFile; fileRef = 7B9EADBD21BCA39B00911E8D /* AppDelegate.swift */; };
		7B9EADC321BCA39B00911E8D /* Main.storyboard in Resources */ = {isa = PBXBuildFile; fileRef = 7B9EADC121BCA39B00911E8D /* Main.storyboard */; };
		7B9EADC521BCA39E00911E8D /* Assets.xcassets in Resources */ = {isa = PBXBuildFile; fileRef = 7B9EADC421BCA39E00911E8D /* Assets.xcassets */; };
		7B9EADC821BCA39E00911E8D /* LaunchScreen.storyboard in Resources */ = {isa = PBXBuildFile; fileRef = 7B9EADC621BCA39E00911E8D /* LaunchScreen.storyboard */; };
		7BE7BC2421BF65580042A248 /* NewsHelper.swift in Sources */ = {isa = PBXBuildFile; fileRef = 7BE7BC2321BF65580042A248 /* NewsHelper.swift */; };
/* End PBXBuildFile section */

/* Begin PBXFileReference section */
		3209CEC7479974F830F2C40D /* Pods-newsmy.debug.xcconfig */ = {isa = PBXFileReference; includeInIndex = 1; lastKnownFileType = text.xcconfig; name = "Pods-newsmy.debug.xcconfig"; path = "Pods/Target Support Files/Pods-newsmy/Pods-newsmy.debug.xcconfig"; sourceTree = "<group>"; };
		4FDB65374C68C739918EF45B /* Pods-newsmy.release.xcconfig */ = {isa = PBXFileReference; includeInIndex = 1; lastKnownFileType = text.xcconfig; name = "Pods-newsmy.release.xcconfig"; path = "Pods/Target Support Files/Pods-newsmy/Pods-newsmy.release.xcconfig"; sourceTree = "<group>"; };
		59703BCA2207F95A77B0B24B /* Pods_newsmy.framework */ = {isa = PBXFileReference; explicitFileType = wrapper.framework; includeInIndex = 0; path = Pods_newsmy.framework; sourceTree = BUILT_PRODUCTS_DIR; };
		7B64B6F121BF953C000BAAF7 /* ArticleTableViewController.swift */ = {isa = PBXFileReference; lastKnownFileType = sourcecode.swift; path = ArticleTableViewController.swift; sourceTree = "<group>"; };
		7B64B6F321BF95A0000BAAF7 /* ArticleWebViewController.swift */ = {isa = PBXFileReference; lastKnownFileType = sourcecode.swift; name = ArticleWebViewController.swift; path = /Users/ai87/Documents/SOFTWARE/_ios_10day_advanced/newsmy/newsmy/ArticleWebViewController.swift; sourceTree = "<absolute>"; };
		7B64B6F521BFA2A1000BAAF7 /* ArticleWebViewController.swift */ = {isa = PBXFileReference; lastKnownFileType = sourcecode.swift; name = ArticleWebViewController.swift; path = /Users/ai87/Documents/SOFTWARE/_ios_10day_advanced/newsmy/newsmy/ArticleWebViewController.swift; sourceTree = "<absolute>"; };
		7B9EADBA21BCA39B00911E8D /* newsmy.app */ = {isa = PBXFileReference; explicitFileType = wrapper.application; includeInIndex = 0; path = newsmy.app; sourceTree = BUILT_PRODUCTS_DIR; };
		7B9EADBD21BCA39B00911E8D /* AppDelegate.swift */ = {isa = PBXFileReference; lastKnownFileType = sourcecode.swift; path = AppDelegate.swift; sourceTree = "<group>"; };
		7B9EADC221BCA39B00911E8D /* Base */ = {isa = PBXFileReference; lastKnownFileType = file.storyboard; name = Base; path = Base.lproj/Main.storyboard; sourceTree = "<group>"; };
		7B9EADC421BCA39E00911E8D /* Assets.xcassets */ = {isa = PBXFileReference; lastKnownFileType = folder.assetcatalog; path = Assets.xcassets; sourceTree = "<group>"; };
		7B9EADC721BCA39E00911E8D /* Base */ = {isa = PBXFileReference; lastKnownFileType = file.storyboard; name = Base; path = Base.lproj/LaunchScreen.storyboard; sourceTree = "<group>"; };
		7B9EADC921BCA39E00911E8D /* Info.plist */ = {isa = PBXFileReference; lastKnownFileType = text.plist.xml; path = Info.plist; sourceTree = "<group>"; };
		7BE7BC2321BF65580042A248 /* NewsHelper.swift */ = {isa = PBXFileReference; lastKnownFileType = sourcecode.swift; path = NewsHelper.swift; sourceTree = "<group>"; };
/* End PBXFileReference section */

/* Begin PBXFrameworksBuildPhase section */
		7B9EADB721BCA39B00911E8D /* Frameworks */ = {
			isa = PBXFrameworksBuildPhase;
			buildActionMask = 2147483647;
			files = (
				56E3B35D0B966B952F69CA8E /* Pods_newsmy.framework in Frameworks */,
			);
			runOnlyForDeploymentPostprocessing = 0;
		};
/* End PBXFrameworksBuildPhase section */

/* Begin PBXGroup section */
		484BB6ACF166368E83C70103 /* Frameworks */ = {
			isa = PBXGroup;
			children = (
				59703BCA2207F95A77B0B24B /* Pods_newsmy.framework */,
			);
			name = Frameworks;
			sourceTree = "<group>";
		};
		7B9EADB121BCA39B00911E8D = {
			isa = PBXGroup;
			children = (
				7B9EADBC21BCA39B00911E8D /* newsmy */,
				7B9EADBB21BCA39B00911E8D /* Products */,
				971DAF5D4331C2F191957005 /* Pods */,
				484BB6ACF166368E83C70103 /* Frameworks */,
			);
			sourceTree = "<group>";
		};
		7B9EADBB21BCA39B00911E8D /* Products */ = {
			isa = PBXGroup;
			children = (
				7B9EADBA21BCA39B00911E8D /* newsmy.app */,
			);
			name = Products;
			sourceTree = "<group>";
		};
		7B9EADBC21BCA39B00911E8D /* newsmy */ = {
			isa = PBXGroup;
			children = (
				7B9EADBD21BCA39B00911E8D /* AppDelegate.swift */,
				7BE7BC2321BF65580042A248 /* NewsHelper.swift */,
				7B64B6F521BFA2A1000BAAF7 /* ArticleWebViewController.swift */,
				7B64B6F121BF953C000BAAF7 /* ArticleTableViewController.swift */,
				7B64B6F321BF95A0000BAAF7 /* ArticleWebViewController.swift */,
				7B9EADC121BCA39B00911E8D /* Main.storyboard */,
				7B9EADC421BCA39E00911E8D /* Assets.xcassets */,
				7B9EADC621BCA39E00911E8D /* LaunchScreen.storyboard */,
				7B9EADC921BCA39E00911E8D /* Info.plist */,
			);
			path = newsmy;
			sourceTree = "<group>";
		};
		971DAF5D4331C2F191957005 /* Pods */ = {
			isa = PBXGroup;
			children = (
				3209CEC7479974F830F2C40D /* Pods-newsmy.debug.xcconfig */,
				4FDB65374C68C739918EF45B /* Pods-newsmy.release.xcconfig */,
			);
			name = Pods;
			sourceTree = "<group>";
		};
/* End PBXGroup section */

/* Begin PBXNativeTarget section */
		7B9EADB921BCA39B00911E8D /* newsmy */ = {
			isa = PBXNativeTarget;
			buildConfigurationList = 7B9EADCC21BCA39E00911E8D /* Build configuration list for PBXNativeTarget "newsmy" */;
			buildPhases = (
				0BDE96BB2ED6B9734A270A49 /* [CP] Check Pods Manifest.lock */,
				7B9EADB621BCA39B00911E8D /* Sources */,
				7B9EADB721BCA39B00911E8D /* Frameworks */,
				7B9EADB821BCA39B00911E8D /* Resources */,
				0FD85A51A83179E745A9F03B /* [CP] Embed Pods Frameworks */,
			);
			buildRules = (
			);
			dependencies = (
			);
			name = newsmy;
			productName = newsmy;
			productReference = 7B9EADBA21BCA39B00911E8D /* newsmy.app */;
			productType = "com.apple.product-type.application";
		};
/* End PBXNativeTarget section */

/* Begin PBXProject section */
		7B9EADB221BCA39B00911E8D /* Project object */ = {
			isa = PBXProject;
			attributes = {
				LastSwiftUpdateCheck = 1010;
				LastUpgradeCheck = 1010;
				ORGANIZATIONNAME = alpine;
				TargetAttributes = {
					7B9EADB921BCA39B00911E8D = {
						CreatedOnToolsVersion = 10.1;
					};
				};
			};
			buildConfigurationList = 7B9EADB521BCA39B00911E8D /* Build configuration list for PBXProject "newsmy" */;
			compatibilityVersion = "Xcode 9.3";
			developmentRegion = en;
			hasScannedForEncodings = 0;
			knownRegions = (
				en,
				Base,
			);
			mainGroup = 7B9EADB121BCA39B00911E8D;
			productRefGroup = 7B9EADBB21BCA39B00911E8D /* Products */;
			projectDirPath = "";
			projectRoot = "";
			targets = (
				7B9EADB921BCA39B00911E8D /* newsmy */,
			);
		};
/* End PBXProject section */

/* Begin PBXResourcesBuildPhase section */
		7B9EADB821BCA39B00911E8D /* Resources */ = {
			isa = PBXResourcesBuildPhase;
			buildActionMask = 2147483647;
			files = (
				7B9EADC821BCA39E00911E8D /* LaunchScreen.storyboard in Resources */,
				7B9EADC521BCA39E00911E8D /* Assets.xcassets in Resources */,
				7B9EADC321BCA39B00911E8D /* Main.storyboard in Resources */,
			);
			runOnlyForDeploymentPostprocessing = 0;
		};
/* End PBXResourcesBuildPhase section */

/* Begin PBXShellScriptBuildPhase section */
		0BDE96BB2ED6B9734A270A49 /* [CP] Check Pods Manifest.lock */ = {
			isa = PBXShellScriptBuildPhase;
			buildActionMask = 2147483647;
			files = (
			);
			inputFileListPaths = (
			);
			inputPaths = (
				"${PODS_PODFILE_DIR_PATH}/Podfile.lock",
				"${PODS_ROOT}/Manifest.lock",
			);
			name = "[CP] Check Pods Manifest.lock";
			outputFileListPaths = (
			);
			outputPaths = (
				"$(DERIVED_FILE_DIR)/Pods-newsmy-checkManifestLockResult.txt",
			);
			runOnlyForDeploymentPostprocessing = 0;
			shellPath = /bin/sh;
			shellScript = "diff \"${PODS_PODFILE_DIR_PATH}/Podfile.lock\" \"${PODS_ROOT}/Manifest.lock\" > /dev/null\nif [ $? != 0 ] ; then\n    # print error to STDERR\n    echo \"error: The sandbox is not in sync with the Podfile.lock. Run 'pod install' or update your CocoaPods installation.\" >&2\n    exit 1\nfi\n# This output is used by Xcode 'outputs' to avoid re-running this script phase.\necho \"SUCCESS\" > \"${SCRIPT_OUTPUT_FILE_0}\"\n";
			showEnvVarsInLog = 0;
		};
		0FD85A51A83179E745A9F03B /* [CP] Embed Pods Frameworks */ = {
			isa = PBXShellScriptBuildPhase;
			buildActionMask = 2147483647;
			files = (
			);
			inputFileListPaths = (
			);
			inputPaths = (
				"${SRCROOT}/Pods/Target Support Files/Pods-newsmy/Pods-newsmy-frameworks.sh",
				"${BUILT_PRODUCTS_DIR}/Alamofire/Alamofire.framework",
			);
			name = "[CP] Embed Pods Frameworks";
			outputFileListPaths = (
			);
			outputPaths = (
				"${TARGET_BUILD_DIR}/${FRAMEWORKS_FOLDER_PATH}/Alamofire.framework",
			);
			runOnlyForDeploymentPostprocessing = 0;
			shellPath = /bin/sh;
			shellScript = "\"${SRCROOT}/Pods/Target Support Files/Pods-newsmy/Pods-newsmy-frameworks.sh\"\n";
			showEnvVarsInLog = 0;
		};
/* End PBXShellScriptBuildPhase section */

/* Begin PBXSourcesBuildPhase section */
		7B9EADB621BCA39B00911E8D /* Sources */ = {
			isa = PBXSourcesBuildPhase;
			buildActionMask = 2147483647;
			files = (
				7BE7BC2421BF65580042A248 /* NewsHelper.swift in Sources */,
				7B64B6F221BF953C000BAAF7 /* ArticleTableViewController.swift in Sources */,
				7B64B6F421BF95A0000BAAF7 /* ArticleWebViewController.swift in Sources */,
				7B64B6F621BFA2A1000BAAF7 /* ArticleWebViewController.swift in Sources */,
				7B9EADBE21BCA39B00911E8D /* AppDelegate.swift in Sources */,
			);
			runOnlyForDeploymentPostprocessing = 0;
		};
/* End PBXSourcesBuildPhase section */

/* Begin PBXVariantGroup section */
		7B9EADC121BCA39B00911E8D /* Main.storyboard */ = {
			isa = PBXVariantGroup;
			children = (
				7B9EADC221BCA39B00911E8D /* Base */,
			);
			name = Main.storyboard;
			sourceTree = "<group>";
		};
		7B9EADC621BCA39E00911E8D /* LaunchScreen.storyboard */ = {
			isa = PBXVariantGroup;
			children = (
				7B9EADC721BCA39E00911E8D /* Base */,
			);
			name = LaunchScreen.storyboard;
			sourceTree = "<group>";
		};
/* End PBXVariantGroup section */

/* Begin XCBuildConfiguration section */
		7B9EADCA21BCA39E00911E8D /* Debug */ = {
			isa = XCBuildConfiguration;
			buildSettings = {
				ALWAYS_SEARCH_USER_PATHS = NO;
				CLANG_ANALYZER_NONNULL = YES;
				CLANG_ANALYZER_NUMBER_OBJECT_CONVERSION = YES_AGGRESSIVE;
				CLANG_CXX_LANGUAGE_STANDARD = "gnu++14";
				CLANG_CXX_LIBRARY = "libc++";
				CLANG_ENABLE_MODULES = YES;
				CLANG_ENABLE_OBJC_ARC = YES;
				CLANG_ENABLE_OBJC_WEAK = YES;
				CLANG_WARN_BLOCK_CAPTURE_AUTORELEASING = YES;
				CLANG_WARN_BOOL_CONVERSION = YES;
				CLANG_WARN_COMMA = YES;
				CLANG_WARN_CONSTANT_CONVERSION = YES;
				CLANG_WARN_DEPRECATED_OBJC_IMPLEMENTATIONS = YES;
				CLANG_WARN_DIRECT_OBJC_ISA_USAGE = YES_ERROR;
				CLANG_WARN_DOCUMENTATION_COMMENTS = YES;
				CLANG_WARN_EMPTY_BODY = YES;
				CLANG_WARN_ENUM_CONVERSION = YES;
				CLANG_WARN_INFINITE_RECURSION = YES;
				CLANG_WARN_INT_CONVERSION = YES;
				CLANG_WARN_NON_LITERAL_NULL_CONVERSION = YES;
				CLANG_WARN_OBJC_IMPLICIT_RETAIN_SELF = YES;
				CLANG_WARN_OBJC_LITERAL_CONVERSION = YES;
				CLANG_WARN_OBJC_ROOT_CLASS = YES_ERROR;
				CLANG_WARN_RANGE_LOOP_ANALYSIS = YES;
				CLANG_WARN_STRICT_PROTOTYPES = YES;
				CLANG_WARN_SUSPICIOUS_MOVE = YES;
				CLANG_WARN_UNGUARDED_AVAILABILITY = YES_AGGRESSIVE;
				CLANG_WARN_UNREACHABLE_CODE = YES;
				CLANG_WARN__DUPLICATE_METHOD_MATCH = YES;
				CODE_SIGN_IDENTITY = "iPhone Developer";
				COPY_PHASE_STRIP = NO;
				DEBUG_INFORMATION_FORMAT = dwarf;
				ENABLE_STRICT_OBJC_MSGSEND = YES;
				ENABLE_TESTABILITY = YES;
				GCC_C_LANGUAGE_STANDARD = gnu11;
				GCC_DYNAMIC_NO_PIC = NO;
				GCC_NO_COMMON_BLOCKS = YES;
				GCC_OPTIMIZATION_LEVEL = 0;
				GCC_PREPROCESSOR_DEFINITIONS = (
					"DEBUG=1",
					"$(inherited)",
				);
				GCC_WARN_64_TO_32_BIT_CONVERSION = YES;
				GCC_WARN_ABOUT_RETURN_TYPE = YES_ERROR;
				GCC_WARN_UNDECLARED_SELECTOR = YES;
				GCC_WARN_UNINITIALIZED_AUTOS = YES_AGGRESSIVE;
				GCC_WARN_UNUSED_FUNCTION = YES;
				GCC_WARN_UNUSED_VARIABLE = YES;
				IPHONEOS_DEPLOYMENT_TARGET = 12.1;
				MTL_ENABLE_DEBUG_INFO = INCLUDE_SOURCE;
				MTL_FAST_MATH = YES;
				ONLY_ACTIVE_ARCH = YES;
				SDKROOT = iphoneos;
				SWIFT_ACTIVE_COMPILATION_CONDITIONS = DEBUG;
				SWIFT_OPTIMIZATION_LEVEL = "-Onone";
			};
			name = Debug;
		};
		7B9EADCB21BCA39E00911E8D /* Release */ = {
			isa = XCBuildConfiguration;
			buildSettings = {
				ALWAYS_SEARCH_USER_PATHS = NO;
				CLANG_ANALYZER_NONNULL = YES;
				CLANG_ANALYZER_NUMBER_OBJECT_CONVERSION = YES_AGGRESSIVE;
				CLANG_CXX_LANGUAGE_STANDARD = "gnu++14";
				CLANG_CXX_LIBRARY = "libc++";
				CLANG_ENABLE_MODULES = YES;
				CLANG_ENABLE_OBJC_ARC = YES;
				CLANG_ENABLE_OBJC_WEAK = YES;
				CLANG_WARN_BLOCK_CAPTURE_AUTORELEASING = YES;
				CLANG_WARN_BOOL_CONVERSION = YES;
				CLANG_WARN_COMMA = YES;
				CLANG_WARN_CONSTANT_CONVERSION = YES;
				CLANG_WARN_DEPRECATED_OBJC_IMPLEMENTATIONS = YES;
				CLANG_WARN_DIRECT_OBJC_ISA_USAGE = YES_ERROR;
				CLANG_WARN_DOCUMENTATION_COMMENTS = YES;
				CLANG_WARN_EMPTY_BODY = YES;
				CLANG_WARN_ENUM_CONVERSION = YES;
				CLANG_WARN_INFINITE_RECURSION = YES;
				CLANG_WARN_INT_CONVERSION = YES;
				CLANG_WARN_NON_LITERAL_NULL_CONVERSION = YES;
				CLANG_WARN_OBJC_IMPLICIT_RETAIN_SELF = YES;
				CLANG_WARN_OBJC_LITERAL_CONVERSION = YES;
				CLANG_WARN_OBJC_ROOT_CLASS = YES_ERROR;
				CLANG_WARN_RANGE_LOOP_ANALYSIS = YES;
				CLANG_WARN_STRICT_PROTOTYPES = YES;
				CLANG_WARN_SUSPICIOUS_MOVE = YES;
				CLANG_WARN_UNGUARDED_AVAILABILITY = YES_AGGRESSIVE;
				CLANG_WARN_UNREACHABLE_CODE = YES;
				CLANG_WARN__DUPLICATE_METHOD_MATCH = YES;
				CODE_SIGN_IDENTITY = "iPhone Developer";
				COPY_PHASE_STRIP = NO;
				DEBUG_INFORMATION_FORMAT = "dwarf-with-dsym";
				ENABLE_NS_ASSERTIONS = NO;
				ENABLE_STRICT_OBJC_MSGSEND = YES;
				GCC_C_LANGUAGE_STANDARD = gnu11;
				GCC_NO_COMMON_BLOCKS = YES;
				GCC_WARN_64_TO_32_BIT_CONVERSION = YES;
				GCC_WARN_ABOUT_RETURN_TYPE = YES_ERROR;
				GCC_WARN_UNDECLARED_SELECTOR = YES;
				GCC_WARN_UNINITIALIZED_AUTOS = YES_AGGRESSIVE;
				GCC_WARN_UNUSED_FUNCTION = YES;
				GCC_WARN_UNUSED_VARIABLE = YES;
				IPHONEOS_DEPLOYMENT_TARGET = 12.1;
				MTL_ENABLE_DEBUG_INFO = NO;
				MTL_FAST_MATH = YES;
				SDKROOT = iphoneos;
				SWIFT_COMPILATION_MODE = wholemodule;
				SWIFT_OPTIMIZATION_LEVEL = "-O";
				VALIDATE_PRODUCT = YES;
			};
			name = Release;
		};
		7B9EADCD21BCA39E00911E8D /* Debug */ = {
			isa = XCBuildConfiguration;
			baseConfigurationReference = 3209CEC7479974F830F2C40D /* Pods-newsmy.debug.xcconfig */;
			buildSettings = {
				ASSETCATALOG_COMPILER_APPICON_NAME = AppIcon;
				CODE_SIGN_STYLE = Automatic;
				DEVELOPMENT_TEAM = X4Q9MUR658;
				INFOPLIST_FILE = newsmy/Info.plist;
				LD_RUNPATH_SEARCH_PATHS = (
					"$(inherited)",
					"@executable_path/Frameworks",
				);
				PRODUCT_BUNDLE_IDENTIFIER = com.alpine.newsmy;
				PRODUCT_NAME = "$(TARGET_NAME)";
				SWIFT_VERSION = 4.2;
				TARGETED_DEVICE_FAMILY = "1,2";
			};
			name = Debug;
		};
		7B9EADCE21BCA39E00911E8D /* Release */ = {
			isa = XCBuildConfiguration;
			baseConfigurationReference = 4FDB65374C68C739918EF45B /* Pods-newsmy.release.xcconfig */;
			buildSettings = {
				ASSETCATALOG_COMPILER_APPICON_NAME = AppIcon;
				CODE_SIGN_STYLE = Automatic;
				DEVELOPMENT_TEAM = X4Q9MUR658;
				INFOPLIST_FILE = newsmy/Info.plist;
				LD_RUNPATH_SEARCH_PATHS = (
					"$(inherited)",
					"@executable_path/Frameworks",
				);
				PRODUCT_BUNDLE_IDENTIFIER = com.alpine.newsmy;
				PRODUCT_NAME = "$(TARGET_NAME)";
				SWIFT_VERSION = 4.2;
				TARGETED_DEVICE_FAMILY = "1,2";
			};
			name = Release;
		};
/* End XCBuildConfiguration section */

/* Begin XCConfigurationList section */
		7B9EADB521BCA39B00911E8D /* Build configuration list for PBXProject "newsmy" */ = {
			isa = XCConfigurationList;
			buildConfigurations = (
				7B9EADCA21BCA39E00911E8D /* Debug */,
				7B9EADCB21BCA39E00911E8D /* Release */,
			);
			defaultConfigurationIsVisible = 0;
			defaultConfigurationName = Release;
		};
		7B9EADCC21BCA39E00911E8D /* Build configuration list for PBXNativeTarget "newsmy" */ = {
			isa = XCConfigurationList;
			buildConfigurations = (
				7B9EADCD21BCA39E00911E8D /* Debug */,
				7B9EADCE21BCA39E00911E8D /* Release */,
			);
			defaultConfigurationIsVisible = 0;
			defaultConfigurationName = Release;
		};
/* End XCConfigurationList section */
	};
	rootObject = 7B9EADB221BCA39B00911E8D /* Project object */;
}
